
Microsoft Visual Studio Solution File, Format Version 12.00
# Visual Studio Version 17
VisualStudioVersion = 17.1.32328.378
MinimumVisualStudioVersion = 10.0.40219.1
Project("{9A19103F-16F7-4668-BE54-9A1E7A4F7556}") = "OpenPgpWebKeyDirectory.Client.Library", "OpenPgpWebKeyDirectory.Client.Library\OpenPgpWebKeyDirectory.Client.Library.csproj", "{40729D14-C678-4E6B-94DF-6F97F45CEAD9}"
EndProject
Project("{9A19103F-16F7-4668-BE54-9A1E7A4F7556}") = "OpenPgpWebKeyDirectory.Client.Library.BouncyCastle", "OpenPgpWebKeyDirectory.Client.Library.BouncyCastle\OpenPgpWebKeyDirectory.Client.Library.BouncyCastle.csproj", "{36803B57-A15A-479C-B5D8-6A853B599FC6}"
EndProject
Project("{2150E333-8FDC-42A3-9474-1A3956D46DE8}") = "Solution Items", "Solution Items", "{FD084187-058F-48E2-B751-595DAB49ABB7}"
	ProjectSection(SolutionItems) = preProject
		CODE_SAMPLES.md = CODE_SAMPLES.md
		LICENSE = LICENSE
		README.md = README.md
		TODO.md = TODO.md
	EndProjectSection
EndProject
Project("{9A19103F-16F7-4668-BE54-9A1E7A4F7556}") = "OpenPgpWebKeyDirectory.Client.Library.Tests", "OpenPgpWebKeyDirectory.Client.Library.Tests\OpenPgpWebKeyDirectory.Client.Library.Tests.csproj", "{DCD7B942-8AAA-4BAE-990E-55F7812A93E7}"
EndProject
Project("{9A19103F-16F7-4668-BE54-9A1E7A4F7556}") = "OpenPgpWebKeyDirectory.Client.Library.Extensions.DependencyInjection", "OpenPgpWebKeyDirectory.Client.Library.Extensions.DependencyInjection\OpenPgpWebKeyDirectory.Client.Library.Extensions.DependencyInjection.csproj", "{0B85F661-ECB8-4CB3-96C9-B9A284339A8E}"
EndProject
Project("{9A19103F-16F7-4668-BE54-9A1E7A4F7556}") = "OpenPgpWebKeyDirectory.Client.ConsoleApp.WkdChecker", "OpenPgpWebKeyDirectory.Client.ConsoleApp.WkdChecker\OpenPgpWebKeyDirectory.Client.ConsoleApp.WkdChecker.csproj", "{DF72C45F-78F6-43EB-BF32-40A172756AAE}"
EndProject
Project("{9A19103F-16F7-4668-BE54-9A1E7A4F7556}") = "OpenPgpWebKeyDirectory.Client.Library.Extensions.DependencyInjection.Tests", "OpenPgpWebKeyDirectory.Client.Library.Extensions.DependencyInjection.Tests\OpenPgpWebKeyDirectory.Client.Library.Extensions.DependencyInjection.Tests.csproj", "{61CF3671-AFBB-4C17-A182-DF1AA5800C49}"
EndProject
Project("{FAE04EC0-301F-11D3-BF4B-00C04F79EFBC}") = "OpenPgpWebKeyDirectory.Client.Library.Internals.Tests", "OpenPgpWebKeyDirectory.Client.Library.Internals.Tests\OpenPgpWebKeyDirectory.Client.Library.Internals.Tests.csproj", "{69988098-67C4-4FA2-9993-6CC2D3CB4883}"
EndProject
Global
	GlobalSection(SolutionConfigurationPlatforms) = preSolution
		Debug|Any CPU = Debug|Any CPU
		Release|Any CPU = Release|Any CPU
	EndGlobalSection
	GlobalSection(ProjectConfigurationPlatforms) = postSolution
		{40729D14-C678-4E6B-94DF-6F97F45CEAD9}.Debug|Any CPU.ActiveCfg = Debug|Any CPU
		{40729D14-C678-4E6B-94DF-6F97F45CEAD9}.Debug|Any CPU.Build.0 = Debug|Any CPU
		{40729D14-C678-4E6B-94DF-6F97F45CEAD9}.Release|Any CPU.ActiveCfg = Release|Any CPU
		{40729D14-C678-4E6B-94DF-6F97F45CEAD9}.Release|Any CPU.Build.0 = Release|Any CPU
		{36803B57-A15A-479C-B5D8-6A853B599FC6}.Debug|Any CPU.ActiveCfg = Debug|Any CPU
		{36803B57-A15A-479C-B5D8-6A853B599FC6}.Debug|Any CPU.Build.0 = Debug|Any CPU
		{36803B57-A15A-479C-B5D8-6A853B599FC6}.Release|Any CPU.ActiveCfg = Release|Any CPU
		{36803B57-A15A-479C-B5D8-6A853B599FC6}.Release|Any CPU.Build.0 = Release|Any CPU
		{DCD7B942-8AAA-4BAE-990E-55F7812A93E7}.Debug|Any CPU.ActiveCfg = Debug|Any CPU
		{DCD7B942-8AAA-4BAE-990E-55F7812A93E7}.Debug|Any CPU.Build.0 = Debug|Any CPU
		{DCD7B942-8AAA-4BAE-990E-55F7812A93E7}.Release|Any CPU.ActiveCfg = Release|Any CPU
		{DCD7B942-8AAA-4BAE-990E-55F7812A93E7}.Release|Any CPU.Build.0 = Release|Any CPU
		{0B85F661-ECB8-4CB3-96C9-B9A284339A8E}.Debug|Any CPU.ActiveCfg = Debug|Any CPU
		{0B85F661-ECB8-4CB3-96C9-B9A284339A8E}.Debug|Any CPU.Build.0 = Debug|Any CPU
		{0B85F661-ECB8-4CB3-96C9-B9A284339A8E}.Release|Any CPU.ActiveCfg = Release|Any CPU
		{0B85F661-ECB8-4CB3-96C9-B9A284339A8E}.Release|Any CPU.Build.0 = Release|Any CPU
		{DF72C45F-78F6-43EB-BF32-40A172756AAE}.Debug|Any CPU.ActiveCfg = Debug|Any CPU
		{DF72C45F-78F6-43EB-BF32-40A172756AAE}.Debug|Any CPU.Build.0 = Debug|Any CPU
		{DF72C45F-78F6-43EB-BF32-40A172756AAE}.Release|Any CPU.ActiveCfg = Release|Any CPU
		{DF72C45F-78F6-43EB-BF32-40A172756AAE}.Release|Any CPU.Build.0 = Release|Any CPU
		{61CF3671-AFBB-4C17-A182-DF1AA5800C49}.Debug|Any CPU.ActiveCfg = Debug|Any CPU
		{61CF3671-AFBB-4C17-A182-DF1AA5800C49}.Debug|Any CPU.Build.0 = Debug|Any CPU
		{61CF3671-AFBB-4C17-A182-DF1AA5800C49}.Release|Any CPU.ActiveCfg = Release|Any CPU
		{61CF3671-AFBB-4C17-A182-DF1AA5800C49}.Release|Any CPU.Build.0 = Release|Any CPU
		{69988098-67C4-4FA2-9993-6CC2D3CB4883}.Debug|Any CPU.ActiveCfg = Debug|Any CPU
		{69988098-67C4-4FA2-9993-6CC2D3CB4883}.Debug|Any CPU.Build.0 = Debug|Any CPU
		{69988098-67C4-4FA2-9993-6CC2D3CB4883}.Release|Any CPU.ActiveCfg = Release|Any CPU
		{69988098-67C4-4FA2-9993-6CC2D3CB4883}.Release|Any CPU.Build.0 = Release|Any CPU
	EndGlobalSection
	GlobalSection(SolutionProperties) = preSolution
		HideSolutionNode = FALSE
	EndGlobalSection
	GlobalSection(ExtensibilityGlobals) = postSolution
		SolutionGuid = {A8D6D645-CD93-40E9-9CA5-8CBC0C4EB401}
	EndGlobalSection
EndGlobal
